
Microsoft Visual Studio Solution File, Format Version 12.00
# Visual Studio Version 17
VisualStudioVersion = 17.0.32126.317
MinimumVisualStudioVersion = 10.0.40219.1
Project("{FAE04EC0-301F-11D3-BF4B-00C04F79EFBC}") = "Odev1Patika", "Odev1Patika\Odev1Patika.csproj", "{051D866E-E243-4F3E-BD0D-5986AF7457B9}"
EndProject
Global
	GlobalSection(SolutionConfigurationPlatforms) = preSolution
		Debug|Any CPU = Debug|Any CPU
		Release|Any CPU = Release|Any CPU
	EndGlobalSection
	GlobalSection(ProjectConfigurationPlatforms) = postSolution
		{051D866E-E243-4F3E-BD0D-5986AF7457B9}.Debug|Any CPU.ActiveCfg = Debug|Any CPU
		{051D866E-E243-4F3E-BD0D-5986AF7457B9}.Debug|Any CPU.Build.0 = Debug|Any CPU
		{051D866E-E243-4F3E-BD0D-5986AF7457B9}.Release|Any CPU.ActiveCfg = Release|Any CPU
		{051D866E-E243-4F3E-BD0D-5986AF7457B9}.Release|Any CPU.Build.0 = Release|Any CPU
	EndGlobalSection
	GlobalSection(SolutionProperties) = preSolution
		HideSolutionNode = FALSE
	EndGlobalSection
	GlobalSection(ExtensibilityGlobals) = postSolution
		SolutionGuid = {FD17E3F3-A011-48B4-AC0C-DAB7F983AB6D}
	EndGlobalSection
EndGlobal
